// !$*UTF8*$!
{
	archiveVersion = 1;
	classes = {
	};
	objectVersion = 46;
	objects = {

/* Begin PBXBuildFile section */
		491249C31DDE2E6200C834A6 /* AppDelegate.swift in Sources */ = {isa = PBXBuildFile; fileRef = 491249C21DDE2E6200C834A6 /* AppDelegate.swift */; };
		491249C51DDE2E6200C834A6 /* ViewController.swift in Sources */ = {isa = PBXBuildFile; fileRef = 491249C41DDE2E6200C834A6 /* ViewController.swift */; };
		491249C81DDE2E6200C834A6 /* Main.storyboard in Resources */ = {isa = PBXBuildFile; fileRef = 491249C61DDE2E6200C834A6 /* Main.storyboard */; };
		491249CA1DDE2E6200C834A6 /* Assets.xcassets in Resources */ = {isa = PBXBuildFile; fileRef = 491249C91DDE2E6200C834A6 /* Assets.xcassets */; };
		491249CD1DDE2E6200C834A6 /* LaunchScreen.storyboard in Resources */ = {isa = PBXBuildFile; fileRef = 491249CB1DDE2E6200C834A6 /* LaunchScreen.storyboard */; };
		491249D81DDE2E6300C834A6 /* photo_api_projectTests.swift in Sources */ = {isa = PBXBuildFile; fileRef = 491249D71DDE2E6300C834A6 /* photo_api_projectTests.swift */; };
		491249E31DDE2E6300C834A6 /* photo_api_projectUITests.swift in Sources */ = {isa = PBXBuildFile; fileRef = 491249E21DDE2E6300C834A6 /* photo_api_projectUITests.swift */; };
		491249F11DDE2F3200C834A6 /* APICommunicator.swift in Sources */ = {isa = PBXBuildFile; fileRef = 491249F01DDE2F3200C834A6 /* APICommunicator.swift */; };
		491249F31DDE2FE200C834A6 /* PhotoCell.swift in Sources */ = {isa = PBXBuildFile; fileRef = 491249F21DDE2FE200C834A6 /* PhotoCell.swift */; };
		491249F51DDE300B00C834A6 /* PhotoCell.xib in Resources */ = {isa = PBXBuildFile; fileRef = 491249F41DDE300B00C834A6 /* PhotoCell.xib */; };
		83078C3AB3468C99E2F61D76 /* Pods_photo_api_project.framework in Frameworks */ = {isa = PBXBuildFile; fileRef = E2590CCB0581BD5BA374D9B2 /* Pods_photo_api_project.framework */; };
		941A5B30E957A9FF8A1F0D5E /* Pods_photo_api_projectUITests.framework in Frameworks */ = {isa = PBXBuildFile; fileRef = 85C3811401F86F4E6F18F4A2 /* Pods_photo_api_projectUITests.framework */; };
		B288BC640EE340B72BAD333E /* Pods_photo_api_projectTests.framework in Frameworks */ = {isa = PBXBuildFile; fileRef = 1568FC38069B4CD12152EBC4 /* Pods_photo_api_projectTests.framework */; };
/* End PBXBuildFile section */

/* Begin PBXContainerItemProxy section */
		491249D41DDE2E6300C834A6 /* PBXContainerItemProxy */ = {
			isa = PBXContainerItemProxy;
			containerPortal = 491249B71DDE2E6200C834A6 /* Project object */;
			proxyType = 1;
			remoteGlobalIDString = 491249BE1DDE2E6200C834A6;
			remoteInfo = "photo-api-project";
		};
		491249DF1DDE2E6300C834A6 /* PBXContainerItemProxy */ = {
			isa = PBXContainerItemProxy;
			containerPortal = 491249B71DDE2E6200C834A6 /* Project object */;
			proxyType = 1;
			remoteGlobalIDString = 491249BE1DDE2E6200C834A6;
			remoteInfo = "photo-api-project";
		};
/* End PBXContainerItemProxy section */

/* Begin PBXFileReference section */
		039A59A98B076A70A740B2B6 /* Pods-photo-api-projectUITests.release.xcconfig */ = {isa = PBXFileReference; includeInIndex = 1; lastKnownFileType = text.xcconfig; name = "Pods-photo-api-projectUITests.release.xcconfig"; path = "Pods/Target Support Files/Pods-photo-api-projectUITests/Pods-photo-api-projectUITests.release.xcconfig"; sourceTree = "<group>"; };
		0DB7CE5106EE0BBFC5C76C49 /* Pods-photo-api-projectUITests.debug.xcconfig */ = {isa = PBXFileReference; includeInIndex = 1; lastKnownFileType = text.xcconfig; name = "Pods-photo-api-projectUITests.debug.xcconfig"; path = "Pods/Target Support Files/Pods-photo-api-projectUITests/Pods-photo-api-projectUITests.debug.xcconfig"; sourceTree = "<group>"; };
		1568FC38069B4CD12152EBC4 /* Pods_photo_api_projectTests.framework */ = {isa = PBXFileReference; explicitFileType = wrapper.framework; includeInIndex = 0; path = Pods_photo_api_projectTests.framework; sourceTree = BUILT_PRODUCTS_DIR; };
		491249BF1DDE2E6200C834A6 /* photo-api-project.app */ = {isa = PBXFileReference; explicitFileType = wrapper.application; includeInIndex = 0; path = "photo-api-project.app"; sourceTree = BUILT_PRODUCTS_DIR; };
		491249C21DDE2E6200C834A6 /* AppDelegate.swift */ = {isa = PBXFileReference; lastKnownFileType = sourcecode.swift; path = AppDelegate.swift; sourceTree = "<group>"; };
		491249C41DDE2E6200C834A6 /* ViewController.swift */ = {isa = PBXFileReference; lastKnownFileType = sourcecode.swift; path = ViewController.swift; sourceTree = "<group>"; };
		491249C71DDE2E6200C834A6 /* Base */ = {isa = PBXFileReference; lastKnownFileType = file.storyboard; name = Base; path = Base.lproj/Main.storyboard; sourceTree = "<group>"; };
		491249C91DDE2E6200C834A6 /* Assets.xcassets */ = {isa = PBXFileReference; lastKnownFileType = folder.assetcatalog; path = Assets.xcassets; sourceTree = "<group>"; };
		491249CC1DDE2E6200C834A6 /* Base */ = {isa = PBXFileReference; lastKnownFileType = file.storyboard; name = Base; path = Base.lproj/LaunchScreen.storyboard; sourceTree = "<group>"; };
		491249CE1DDE2E6200C834A6 /* Info.plist */ = {isa = PBXFileReference; lastKnownFileType = text.plist.xml; path = Info.plist; sourceTree = "<group>"; };
		491249D31DDE2E6300C834A6 /* photo-api-projectTests.xctest */ = {isa = PBXFileReference; explicitFileType = wrapper.cfbundle; includeInIndex = 0; path = "photo-api-projectTests.xctest"; sourceTree = BUILT_PRODUCTS_DIR; };
		491249D71DDE2E6300C834A6 /* photo_api_projectTests.swift */ = {isa = PBXFileReference; lastKnownFileType = sourcecode.swift; path = photo_api_projectTests.swift; sourceTree = "<group>"; };
		491249D91DDE2E6300C834A6 /* Info.plist */ = {isa = PBXFileReference; lastKnownFileType = text.plist.xml; path = Info.plist; sourceTree = "<group>"; };
		491249DE1DDE2E6300C834A6 /* photo-api-projectUITests.xctest */ = {isa = PBXFileReference; explicitFileType = wrapper.cfbundle; includeInIndex = 0; path = "photo-api-projectUITests.xctest"; sourceTree = BUILT_PRODUCTS_DIR; };
		491249E21DDE2E6300C834A6 /* photo_api_projectUITests.swift */ = {isa = PBXFileReference; lastKnownFileType = sourcecode.swift; path = photo_api_projectUITests.swift; sourceTree = "<group>"; };
		491249E41DDE2E6300C834A6 /* Info.plist */ = {isa = PBXFileReference; lastKnownFileType = text.plist.xml; path = Info.plist; sourceTree = "<group>"; };
		491249F01DDE2F3200C834A6 /* APICommunicator.swift */ = {isa = PBXFileReference; fileEncoding = 4; lastKnownFileType = sourcecode.swift; name = APICommunicator.swift; path = ../APICommunicator.swift; sourceTree = "<group>"; };
		491249F21DDE2FE200C834A6 /* PhotoCell.swift */ = {isa = PBXFileReference; fileEncoding = 4; lastKnownFileType = sourcecode.swift; name = PhotoCell.swift; path = ../PhotoCell.swift; sourceTree = "<group>"; };
		491249F41DDE300B00C834A6 /* PhotoCell.xib */ = {isa = PBXFileReference; fileEncoding = 4; lastKnownFileType = file.xib; name = PhotoCell.xib; path = ../PhotoCell.xib; sourceTree = "<group>"; };
		658BC96AE780C23391151488 /* Pods-photo-api-projectTests.release.xcconfig */ = {isa = PBXFileReference; includeInIndex = 1; lastKnownFileType = text.xcconfig; name = "Pods-photo-api-projectTests.release.xcconfig"; path = "Pods/Target Support Files/Pods-photo-api-projectTests/Pods-photo-api-projectTests.release.xcconfig"; sourceTree = "<group>"; };
		85C3811401F86F4E6F18F4A2 /* Pods_photo_api_projectUITests.framework */ = {isa = PBXFileReference; explicitFileType = wrapper.framework; includeInIndex = 0; path = Pods_photo_api_projectUITests.framework; sourceTree = BUILT_PRODUCTS_DIR; };
		9B34D54D2D8428EE937D5BA0 /* Pods-photo-api-project.debug.xcconfig */ = {isa = PBXFileReference; includeInIndex = 1; lastKnownFileType = text.xcconfig; name = "Pods-photo-api-project.debug.xcconfig"; path = "Pods/Target Support Files/Pods-photo-api-project/Pods-photo-api-project.debug.xcconfig"; sourceTree = "<group>"; };
		D7D7B0C5E45A4D67CB359061 /* Pods-photo-api-projectTests.debug.xcconfig */ = {isa = PBXFileReference; includeInIndex = 1; lastKnownFileType = text.xcconfig; name = "Pods-photo-api-projectTests.debug.xcconfig"; path = "Pods/Target Support Files/Pods-photo-api-projectTests/Pods-photo-api-projectTests.debug.xcconfig"; sourceTree = "<group>"; };
		DD511077413167C0F679476F /* Pods-photo-api-project.release.xcconfig */ = {isa = PBXFileReference; includeInIndex = 1; lastKnownFileType = text.xcconfig; name = "Pods-photo-api-project.release.xcconfig"; path = "Pods/Target Support Files/Pods-photo-api-project/Pods-photo-api-project.release.xcconfig"; sourceTree = "<group>"; };
		E2590CCB0581BD5BA374D9B2 /* Pods_photo_api_project.framework */ = {isa = PBXFileReference; explicitFileType = wrapper.framework; includeInIndex = 0; path = Pods_photo_api_project.framework; sourceTree = BUILT_PRODUCTS_DIR; };
/* End PBXFileReference section */

/* Begin PBXFrameworksBuildPhase section */
		491249BC1DDE2E6200C834A6 /* Frameworks */ = {
			isa = PBXFrameworksBuildPhase;
			buildActionMask = 2147483647;
			files = (
				83078C3AB3468C99E2F61D76 /* Pods_photo_api_project.framework in Frameworks */,
			);
			runOnlyForDeploymentPostprocessing = 0;
		};
		491249D01DDE2E6300C834A6 /* Frameworks */ = {
			isa = PBXFrameworksBuildPhase;
			buildActionMask = 2147483647;
			files = (
				B288BC640EE340B72BAD333E /* Pods_photo_api_projectTests.framework in Frameworks */,
			);
			runOnlyForDeploymentPostprocessing = 0;
		};
		491249DB1DDE2E6300C834A6 /* Frameworks */ = {
			isa = PBXFrameworksBuildPhase;
			buildActionMask = 2147483647;
			files = (
				941A5B30E957A9FF8A1F0D5E /* Pods_photo_api_projectUITests.framework in Frameworks */,
			);
			runOnlyForDeploymentPostprocessing = 0;
		};
/* End PBXFrameworksBuildPhase section */

/* Begin PBXGroup section */
		491249B61DDE2E6200C834A6 = {
			isa = PBXGroup;
			children = (
				491249C11DDE2E6200C834A6 /* photo-api-project */,
				491249D61DDE2E6300C834A6 /* photo-api-projectTests */,
				491249E11DDE2E6300C834A6 /* photo-api-projectUITests */,
				491249C01DDE2E6200C834A6 /* Products */,
				66311E114EF24EB66F7AC3F1 /* Pods */,
				CF594E0FF957FF9BDBFDB1D4 /* Frameworks */,
			);
			sourceTree = "<group>";
		};
		491249C01DDE2E6200C834A6 /* Products */ = {
			isa = PBXGroup;
			children = (
				491249BF1DDE2E6200C834A6 /* photo-api-project.app */,
				491249D31DDE2E6300C834A6 /* photo-api-projectTests.xctest */,
				491249DE1DDE2E6300C834A6 /* photo-api-projectUITests.xctest */,
			);
			name = Products;
			sourceTree = "<group>";
		};
		491249C11DDE2E6200C834A6 /* photo-api-project */ = {
			isa = PBXGroup;
			children = (
				491249F01DDE2F3200C834A6 /* APICommunicator.swift */,
				491249C21DDE2E6200C834A6 /* AppDelegate.swift */,
				491249F21DDE2FE200C834A6 /* PhotoCell.swift */,
				491249F41DDE300B00C834A6 /* PhotoCell.xib */,
				491249C41DDE2E6200C834A6 /* ViewController.swift */,
				491249C61DDE2E6200C834A6 /* Main.storyboard */,
				491249C91DDE2E6200C834A6 /* Assets.xcassets */,
				491249CB1DDE2E6200C834A6 /* LaunchScreen.storyboard */,
				491249CE1DDE2E6200C834A6 /* Info.plist */,
			);
			path = "photo-api-project";
			sourceTree = "<group>";
		};
		491249D61DDE2E6300C834A6 /* photo-api-projectTests */ = {
			isa = PBXGroup;
			children = (
				491249D71DDE2E6300C834A6 /* photo_api_projectTests.swift */,
				491249D91DDE2E6300C834A6 /* Info.plist */,
			);
			path = "photo-api-projectTests";
			sourceTree = "<group>";
		};
		491249E11DDE2E6300C834A6 /* photo-api-projectUITests */ = {
			isa = PBXGroup;
			children = (
				491249E21DDE2E6300C834A6 /* photo_api_projectUITests.swift */,
				491249E41DDE2E6300C834A6 /* Info.plist */,
			);
			path = "photo-api-projectUITests";
			sourceTree = "<group>";
		};
		66311E114EF24EB66F7AC3F1 /* Pods */ = {
			isa = PBXGroup;
			children = (
				9B34D54D2D8428EE937D5BA0 /* Pods-photo-api-project.debug.xcconfig */,
				DD511077413167C0F679476F /* Pods-photo-api-project.release.xcconfig */,
				D7D7B0C5E45A4D67CB359061 /* Pods-photo-api-projectTests.debug.xcconfig */,
				658BC96AE780C23391151488 /* Pods-photo-api-projectTests.release.xcconfig */,
				0DB7CE5106EE0BBFC5C76C49 /* Pods-photo-api-projectUITests.debug.xcconfig */,
				039A59A98B076A70A740B2B6 /* Pods-photo-api-projectUITests.release.xcconfig */,
			);
			name = Pods;
			sourceTree = "<group>";
		};
		CF594E0FF957FF9BDBFDB1D4 /* Frameworks */ = {
			isa = PBXGroup;
			children = (
				E2590CCB0581BD5BA374D9B2 /* Pods_photo_api_project.framework */,
				1568FC38069B4CD12152EBC4 /* Pods_photo_api_projectTests.framework */,
				85C3811401F86F4E6F18F4A2 /* Pods_photo_api_projectUITests.framework */,
			);
			name = Frameworks;
			sourceTree = "<group>";
		};
/* End PBXGroup section */

/* Begin PBXNativeTarget section */
		491249BE1DDE2E6200C834A6 /* photo-api-project */ = {
			isa = PBXNativeTarget;
			buildConfigurationList = 491249E71DDE2E6300C834A6 /* Build configuration list for PBXNativeTarget "photo-api-project" */;
			buildPhases = (
				AAEC04A4D39A3E4C043D7FA0 /* [CP] Check Pods Manifest.lock */,
				491249BB1DDE2E6200C834A6 /* Sources */,
				491249BC1DDE2E6200C834A6 /* Frameworks */,
				491249BD1DDE2E6200C834A6 /* Resources */,
				9E835BB833972425F28D6EDE /* [CP] Embed Pods Frameworks */,
				BC43B5E9CC9C6ECC43631FD2 /* [CP] Copy Pods Resources */,
			);
			buildRules = (
			);
			dependencies = (
			);
			name = "photo-api-project";
			productName = "photo-api-project";
			productReference = 491249BF1DDE2E6200C834A6 /* photo-api-project.app */;
			productType = "com.apple.product-type.application";
		};
		491249D21DDE2E6300C834A6 /* photo-api-projectTests */ = {
			isa = PBXNativeTarget;
			buildConfigurationList = 491249EA1DDE2E6300C834A6 /* Build configuration list for PBXNativeTarget "photo-api-projectTests" */;
			buildPhases = (
				A30352848F63EBFBCE2CD36C /* [CP] Check Pods Manifest.lock */,
				491249CF1DDE2E6300C834A6 /* Sources */,
				491249D01DDE2E6300C834A6 /* Frameworks */,
				491249D11DDE2E6300C834A6 /* Resources */,
				1FD207633F48F76BB8BE475D /* [CP] Embed Pods Frameworks */,
				A037C39D65A097DECCAF4005 /* [CP] Copy Pods Resources */,
			);
			buildRules = (
			);
			dependencies = (
				491249D51DDE2E6300C834A6 /* PBXTargetDependency */,
			);
			name = "photo-api-projectTests";
			productName = "photo-api-projectTests";
			productReference = 491249D31DDE2E6300C834A6 /* photo-api-projectTests.xctest */;
			productType = "com.apple.product-type.bundle.unit-test";
		};
		491249DD1DDE2E6300C834A6 /* photo-api-projectUITests */ = {
			isa = PBXNativeTarget;
			buildConfigurationList = 491249ED1DDE2E6300C834A6 /* Build configuration list for PBXNativeTarget "photo-api-projectUITests" */;
			buildPhases = (
				E288C738A2E459D8E16CF080 /* [CP] Check Pods Manifest.lock */,
				491249DA1DDE2E6300C834A6 /* Sources */,
				491249DB1DDE2E6300C834A6 /* Frameworks */,
				491249DC1DDE2E6300C834A6 /* Resources */,
				DA5BE9983B3F703186C73C91 /* [CP] Copy Pods Resources */,
			);
			buildRules = (
			);
			dependencies = (
				491249E01DDE2E6300C834A6 /* PBXTargetDependency */,
			);
			name = "photo-api-projectUITests";
			productName = "photo-api-projectUITests";
			productReference = 491249DE1DDE2E6300C834A6 /* photo-api-projectUITests.xctest */;
			productType = "com.apple.product-type.bundle.ui-testing";
		};
/* End PBXNativeTarget section */

/* Begin PBXProject section */
		491249B71DDE2E6200C834A6 /* Project object */ = {
			isa = PBXProject;
			attributes = {
				LastSwiftUpdateCheck = 0800;
				LastUpgradeCheck = 0800;
				ORGANIZATIONNAME = "andrew cook";
				TargetAttributes = {
					491249BE1DDE2E6200C834A6 = {
						CreatedOnToolsVersion = 8.0;
						DevelopmentTeam = 9SVGXMGU4M;
						ProvisioningStyle = Automatic;
					};
					491249D21DDE2E6300C834A6 = {
						CreatedOnToolsVersion = 8.0;
						DevelopmentTeam = 9SVGXMGU4M;
						ProvisioningStyle = Automatic;
						TestTargetID = 491249BE1DDE2E6200C834A6;
					};
					491249DD1DDE2E6300C834A6 = {
						CreatedOnToolsVersion = 8.0;
						DevelopmentTeam = 9SVGXMGU4M;
						ProvisioningStyle = Automatic;
						TestTargetID = 491249BE1DDE2E6200C834A6;
					};
				};
			};
			buildConfigurationList = 491249BA1DDE2E6200C834A6 /* Build configuration list for PBXProject "photo-api-project" */;
			compatibilityVersion = "Xcode 3.2";
			developmentRegion = English;
			hasScannedForEncodings = 0;
			knownRegions = (
				en,
				Base,
			);
			mainGroup = 491249B61DDE2E6200C834A6;
			productRefGroup = 491249C01DDE2E6200C834A6 /* Products */;
			projectDirPath = "";
			projectRoot = "";
			targets = (
				491249BE1DDE2E6200C834A6 /* photo-api-project */,
				491249D21DDE2E6300C834A6 /* photo-api-projectTests */,
				491249DD1DDE2E6300C834A6 /* photo-api-projectUITests */,
			);
		};
/* End PBXProject section */

/* Begin PBXResourcesBuildPhase section */
		491249BD1DDE2E6200C834A6 /* Resources */ = {
			isa = PBXResourcesBuildPhase;
			buildActionMask = 2147483647;
			files = (
				491249F51DDE300B00C834A6 /* PhotoCell.xib in Resources */,
				491249CD1DDE2E6200C834A6 /* LaunchScreen.storyboard in Resources */,
				491249CA1DDE2E6200C834A6 /* Assets.xcassets in Resources */,
				491249C81DDE2E6200C834A6 /* Main.storyboard in Resources */,
			);
			runOnlyForDeploymentPostprocessing = 0;
		};
		491249D11DDE2E6300C834A6 /* Resources */ = {
			isa = PBXResourcesBuildPhase;
			buildActionMask = 2147483647;
			files = (
			);
			runOnlyForDeploymentPostprocessing = 0;
		};
		491249DC1DDE2E6300C834A6 /* Resources */ = {
			isa = PBXResourcesBuildPhase;
			buildActionMask = 2147483647;
			files = (
			);
			runOnlyForDeploymentPostprocessing = 0;
		};
/* End PBXResourcesBuildPhase section */

/* Begin PBXShellScriptBuildPhase section */
		1FD207633F48F76BB8BE475D /* [CP] Embed Pods Frameworks */ = {
			isa = PBXShellScriptBuildPhase;
			buildActionMask = 2147483647;
			files = (
			);
			inputPaths = (
			);
			name = "[CP] Embed Pods Frameworks";
			outputPaths = (
			);
			runOnlyForDeploymentPostprocessing = 0;
			shellPath = /bin/sh;
			shellScript = "\"${SRCROOT}/Pods/Target Support Files/Pods-photo-api-projectTests/Pods-photo-api-projectTests-frameworks.sh\"\n";
			showEnvVarsInLog = 0;
		};
		9E835BB833972425F28D6EDE /* [CP] Embed Pods Frameworks */ = {
			isa = PBXShellScriptBuildPhase;
			buildActionMask = 2147483647;
			files = (
			);
			inputPaths = (
			);
			name = "[CP] Embed Pods Frameworks";
			outputPaths = (
			);
			runOnlyForDeploymentPostprocessing = 0;
			shellPath = /bin/sh;
			shellScript = "\"${SRCROOT}/Pods/Target Support Files/Pods-photo-api-project/Pods-photo-api-project-frameworks.sh\"\n";
			showEnvVarsInLog = 0;
		};
		A037C39D65A097DECCAF4005 /* [CP] Copy Pods Resources */ = {
			isa = PBXShellScriptBuildPhase;
			buildActionMask = 2147483647;
			files = (
			);
			inputPaths = (
			);
			name = "[CP] Copy Pods Resources";
			outputPaths = (
			);
			runOnlyForDeploymentPostprocessing = 0;
			shellPath = /bin/sh;
			shellScript = "\"${SRCROOT}/Pods/Target Support Files/Pods-photo-api-projectTests/Pods-photo-api-projectTests-resources.sh\"\n";
			showEnvVarsInLog = 0;
		};
		A30352848F63EBFBCE2CD36C /* [CP] Check Pods Manifest.lock */ = {
			isa = PBXShellScriptBuildPhase;
			buildActionMask = 2147483647;
			files = (
			);
			inputPaths = (
			);
			name = "[CP] Check Pods Manifest.lock";
			outputPaths = (
			);
			runOnlyForDeploymentPostprocessing = 0;
			shellPath = /bin/sh;
			shellScript = "diff \"${PODS_ROOT}/../Podfile.lock\" \"${PODS_ROOT}/Manifest.lock\" > /dev/null\nif [[ $? != 0 ]] ; then\n    cat << EOM\nerror: The sandbox is not in sync with the Podfile.lock. Run 'pod install' or update your CocoaPods installation.\nEOM\n    exit 1\nfi\n";
			showEnvVarsInLog = 0;
		};
		AAEC04A4D39A3E4C043D7FA0 /* [CP] Check Pods Manifest.lock */ = {
			isa = PBXShellScriptBuildPhase;
			buildActionMask = 2147483647;
			files = (
			);
			inputPaths = (
			);
			name = "[CP] Check Pods Manifest.lock";
			outputPaths = (
			);
			runOnlyForDeploymentPostprocessing = 0;
			shellPath = /bin/sh;
			shellScript = "diff \"${PODS_ROOT}/../Podfile.lock\" \"${PODS_ROOT}/Manifest.lock\" > /dev/null\nif [[ $? != 0 ]] ; then\n    cat << EOM\nerror: The sandbox is not in sync with the Podfile.lock. Run 'pod install' or update your CocoaPods installation.\nEOM\n    exit 1\nfi\n";
			showEnvVarsInLog = 0;
		};
		BC43B5E9CC9C6ECC43631FD2 /* [CP] Copy Pods Resources */ = {
			isa = PBXShellScriptBuildPhase;
			buildActionMask = 2147483647;
			files = (
			);
			inputPaths = (
			);
			name = "[CP] Copy Pods Resources";
			outputPaths = (
			);
			runOnlyForDeploymentPostprocessing = 0;
			shellPath = /bin/sh;
			shellScript = "\"${SRCROOT}/Pods/Target Support Files/Pods-photo-api-project/Pods-photo-api-project-resources.sh\"\n";
			showEnvVarsInLog = 0;
		};
		DA5BE9983B3F703186C73C91 /* [CP] Copy Pods Resources */ = {
			isa = PBXShellScriptBuildPhase;
			buildActionMask = 2147483647;
			files = (
			);
			inputPaths = (
			);
			name = "[CP] Copy Pods Resources";
			outputPaths = (
			);
			runOnlyForDeploymentPostprocessing = 0;
			shellPath = /bin/sh;
			shellScript = "\"${SRCROOT}/Pods/Target Support Files/Pods-photo-api-projectUITests/Pods-photo-api-projectUITests-resources.sh\"\n";
			showEnvVarsInLog = 0;
		};
		E288C738A2E459D8E16CF080 /* [CP] Check Pods Manifest.lock */ = {
			isa = PBXShellScriptBuildPhase;
			buildActionMask = 2147483647;
			files = (
			);
			inputPaths = (
			);
			name = "[CP] Check Pods Manifest.lock";
			outputPaths = (
			);
			runOnlyForDeploymentPostprocessing = 0;
			shellPath = /bin/sh;
			shellScript = "diff \"${PODS_ROOT}/../Podfile.lock\" \"${PODS_ROOT}/Manifest.lock\" > /dev/null\nif [[ $? != 0 ]] ; then\n    cat << EOM\nerror: The sandbox is not in sync with the Podfile.lock. Run 'pod install' or update your CocoaPods installation.\nEOM\n    exit 1\nfi\n";
			showEnvVarsInLog = 0;
		};
/* End PBXShellScriptBuildPhase section */

/* Begin PBXSourcesBuildPhase section */
		491249BB1DDE2E6200C834A6 /* Sources */ = {
			isa = PBXSourcesBuildPhase;
			buildActionMask = 2147483647;
			files = (
				491249F31DDE2FE200C834A6 /* PhotoCell.swift in Sources */,
				491249C51DDE2E6200C834A6 /* ViewController.swift in Sources */,
				491249C31DDE2E6200C834A6 /* AppDelegate.swift in Sources */,
				491249F11DDE2F3200C834A6 /* APICommunicator.swift in Sources */,
			);
			runOnlyForDeploymentPostprocessing = 0;
		};
		491249CF1DDE2E6300C834A6 /* Sources */ = {
			isa = PBXSourcesBuildPhase;
			buildActionMask = 2147483647;
			files = (
				491249D81DDE2E6300C834A6 /* photo_api_projectTests.swift in Sources */,
			);
			runOnlyForDeploymentPostprocessing = 0;
		};
		491249DA1DDE2E6300C834A6 /* Sources */ = {
			isa = PBXSourcesBuildPhase;
			buildActionMask = 2147483647;
			files = (
				491249E31DDE2E6300C834A6 /* photo_api_projectUITests.swift in Sources */,
			);
			runOnlyForDeploymentPostprocessing = 0;
		};
/* End PBXSourcesBuildPhase section */

/* Begin PBXTargetDependency section */
		491249D51DDE2E6300C834A6 /* PBXTargetDependency */ = {
			isa = PBXTargetDependency;
			target = 491249BE1DDE2E6200C834A6 /* photo-api-project */;
			targetProxy = 491249D41DDE2E6300C834A6 /* PBXContainerItemProxy */;
		};
		491249E01DDE2E6300C834A6 /* PBXTargetDependency */ = {
			isa = PBXTargetDependency;
			target = 491249BE1DDE2E6200C834A6 /* photo-api-project */;
			targetProxy = 491249DF1DDE2E6300C834A6 /* PBXContainerItemProxy */;
		};
/* End PBXTargetDependency section */

/* Begin PBXVariantGroup section */
		491249C61DDE2E6200C834A6 /* Main.storyboard */ = {
			isa = PBXVariantGroup;
			children = (
				491249C71DDE2E6200C834A6 /* Base */,
			);
			name = Main.storyboard;
			sourceTree = "<group>";
		};
		491249CB1DDE2E6200C834A6 /* LaunchScreen.storyboard */ = {
			isa = PBXVariantGroup;
			children = (
				491249CC1DDE2E6200C834A6 /* Base */,
			);
			name = LaunchScreen.storyboard;
			sourceTree = "<group>";
		};
/* End PBXVariantGroup section */

/* Begin XCBuildConfiguration section */
		491249E51DDE2E6300C834A6 /* Debug */ = {
			isa = XCBuildConfiguration;
			buildSettings = {
				ALWAYS_SEARCH_USER_PATHS = NO;
				CLANG_ANALYZER_NONNULL = YES;
				CLANG_CXX_LANGUAGE_STANDARD = "gnu++0x";
				CLANG_CXX_LIBRARY = "libc++";
				CLANG_ENABLE_MODULES = YES;
				CLANG_ENABLE_OBJC_ARC = YES;
				CLANG_WARN_BOOL_CONVERSION = YES;
				CLANG_WARN_CONSTANT_CONVERSION = YES;
				CLANG_WARN_DIRECT_OBJC_ISA_USAGE = YES_ERROR;
				CLANG_WARN_DOCUMENTATION_COMMENTS = YES;
				CLANG_WARN_EMPTY_BODY = YES;
				CLANG_WARN_ENUM_CONVERSION = YES;
				CLANG_WARN_INFINITE_RECURSION = YES;
				CLANG_WARN_INT_CONVERSION = YES;
				CLANG_WARN_OBJC_ROOT_CLASS = YES_ERROR;
				CLANG_WARN_SUSPICIOUS_MOVES = YES;
				CLANG_WARN_UNREACHABLE_CODE = YES;
				CLANG_WARN__DUPLICATE_METHOD_MATCH = YES;
				"CODE_SIGN_IDENTITY[sdk=iphoneos*]" = "iPhone Developer";
				COPY_PHASE_STRIP = NO;
				DEBUG_INFORMATION_FORMAT = dwarf;
				ENABLE_STRICT_OBJC_MSGSEND = YES;
				ENABLE_TESTABILITY = YES;
				GCC_C_LANGUAGE_STANDARD = gnu99;
				GCC_DYNAMIC_NO_PIC = NO;
				GCC_NO_COMMON_BLOCKS = YES;
				GCC_OPTIMIZATION_LEVEL = 0;
				GCC_PREPROCESSOR_DEFINITIONS = (
					"DEBUG=1",
					"$(inherited)",
				);
				GCC_WARN_64_TO_32_BIT_CONVERSION = YES;
				GCC_WARN_ABOUT_RETURN_TYPE = YES_ERROR;
				GCC_WARN_UNDECLARED_SELECTOR = YES;
				GCC_WARN_UNINITIALIZED_AUTOS = YES_AGGRESSIVE;
				GCC_WARN_UNUSED_FUNCTION = YES;
				GCC_WARN_UNUSED_VARIABLE = YES;
				IPHONEOS_DEPLOYMENT_TARGET = 10.0;
				MTL_ENABLE_DEBUG_INFO = YES;
				ONLY_ACTIVE_ARCH = YES;
				SDKROOT = iphoneos;
				SWIFT_ACTIVE_COMPILATION_CONDITIONS = DEBUG;
				SWIFT_OPTIMIZATION_LEVEL = "-Onone";
			};
			name = Debug;
		};
		491249E61DDE2E6300C834A6 /* Release */ = {
			isa = XCBuildConfiguration;
			buildSettings = {
				ALWAYS_SEARCH_USER_PATHS = NO;
				CLANG_ANALYZER_NONNULL = YES;
				CLANG_CXX_LANGUAGE_STANDARD = "gnu++0x";
				CLANG_CXX_LIBRARY = "libc++";
				CLANG_ENABLE_MODULES = YES;
				CLANG_ENABLE_OBJC_ARC = YES;
				CLANG_WARN_BOOL_CONVERSION = YES;
				CLANG_WARN_CONSTANT_CONVERSION = YES;
				CLANG_WARN_DIRECT_OBJC_ISA_USAGE = YES_ERROR;
				CLANG_WARN_DOCUMENTATION_COMMENTS = YES;
				CLANG_WARN_EMPTY_BODY = YES;
				CLANG_WARN_ENUM_CONVERSION = YES;
				CLANG_WARN_INFINITE_RECURSION = YES;
				CLANG_WARN_INT_CONVERSION = YES;
				CLANG_WARN_OBJC_ROOT_CLASS = YES_ERROR;
				CLANG_WARN_SUSPICIOUS_MOVES = YES;
				CLANG_WARN_UNREACHABLE_CODE = YES;
				CLANG_WARN__DUPLICATE_METHOD_MATCH = YES;
				"CODE_SIGN_IDENTITY[sdk=iphoneos*]" = "iPhone Developer";
				COPY_PHASE_STRIP = NO;
				DEBUG_INFORMATION_FORMAT = "dwarf-with-dsym";
				ENABLE_NS_ASSERTIONS = NO;
				ENABLE_STRICT_OBJC_MSGSEND = YES;
				GCC_C_LANGUAGE_STANDARD = gnu99;
				GCC_NO_COMMON_BLOCKS = YES;
				GCC_WARN_64_TO_32_BIT_CONVERSION = YES;
				GCC_WARN_ABOUT_RETURN_TYPE = YES_ERROR;
				GCC_WARN_UNDECLARED_SELECTOR = YES;
				GCC_WARN_UNINITIALIZED_AUTOS = YES_AGGRESSIVE;
				GCC_WARN_UNUSED_FUNCTION = YES;
				GCC_WARN_UNUSED_VARIABLE = YES;
				IPHONEOS_DEPLOYMENT_TARGET = 10.0;
				MTL_ENABLE_DEBUG_INFO = NO;
				SDKROOT = iphoneos;
				SWIFT_OPTIMIZATION_LEVEL = "-Owholemodule";
				VALIDATE_PRODUCT = YES;
			};
			name = Release;
		};
		491249E81DDE2E6300C834A6 /* Debug */ = {
			isa = XCBuildConfiguration;
			baseConfigurationReference = 9B34D54D2D8428EE937D5BA0 /* Pods-photo-api-project.debug.xcconfig */;
			buildSettings = {
				ASSETCATALOG_COMPILER_APPICON_NAME = AppIcon;
				DEVELOPMENT_TEAM = 9SVGXMGU4M;
				INFOPLIST_FILE = "photo-api-project/Info.plist";
				LD_RUNPATH_SEARCH_PATHS = "$(inherited) @executable_path/Frameworks";
				PRODUCT_BUNDLE_IDENTIFIER = "com.andrew.cook.photo-api-project";
				PRODUCT_NAME = "$(TARGET_NAME)";
				SWIFT_VERSION = 3.0;
			};
			name = Debug;
		};
		491249E91DDE2E6300C834A6 /* Release */ = {
			isa = XCBuildConfiguration;
			baseConfigurationReference = DD511077413167C0F679476F /* Pods-photo-api-project.release.xcconfig */;
			buildSettings = {
				ASSETCATALOG_COMPILER_APPICON_NAME = AppIcon;
				DEVELOPMENT_TEAM = 9SVGXMGU4M;
				INFOPLIST_FILE = "photo-api-project/Info.plist";
				LD_RUNPATH_SEARCH_PATHS = "$(inherited) @executable_path/Frameworks";
				PRODUCT_BUNDLE_IDENTIFIER = "com.andrew.cook.photo-api-project";
				PRODUCT_NAME = "$(TARGET_NAME)";
				SWIFT_VERSION = 3.0;
			};
			name = Release;
		};
		491249EB1DDE2E6300C834A6 /* Debug */ = {
			isa = XCBuildConfiguration;
			baseConfigurationReference = D7D7B0C5E45A4D67CB359061 /* Pods-photo-api-projectTests.debug.xcconfig */;
			buildSettings = {
				ALWAYS_EMBED_SWIFT_STANDARD_LIBRARIES = YES;
				BUNDLE_LOADER = "$(TEST_HOST)";
				DEVELOPMENT_TEAM = 9SVGXMGU4M;
				INFOPLIST_FILE = "photo-api-projectTests/Info.plist";
				LD_RUNPATH_SEARCH_PATHS = "$(inherited) @executable_path/Frameworks @loader_path/Frameworks";
				PRODUCT_BUNDLE_IDENTIFIER = "com.andrew.cook.photo-api-projectTests";
				PRODUCT_NAME = "$(TARGET_NAME)";
				SWIFT_VERSION = 3.0;
				TEST_HOST = "$(BUILT_PRODUCTS_DIR)/photo-api-project.app/photo-api-project";
			};
			name = Debug;
		};
		491249EC1DDE2E6300C834A6 /* Release */ = {
			isa = XCBuildConfiguration;
			baseConfigurationReference = 658BC96AE780C23391151488 /* Pods-photo-api-projectTests.release.xcconfig */;
			buildSettings = {
				ALWAYS_EMBED_SWIFT_STANDARD_LIBRARIES = YES;
				BUNDLE_LOADER = "$(TEST_HOST)";
				DEVELOPMENT_TEAM = 9SVGXMGU4M;
				INFOPLIST_FILE = "photo-api-projectTests/Info.plist";
				LD_RUNPATH_SEARCH_PATHS = "$(inherited) @executable_path/Frameworks @loader_path/Frameworks";
				PRODUCT_BUNDLE_IDENTIFIER = "com.andrew.cook.photo-api-projectTests";
				PRODUCT_NAME = "$(TARGET_NAME)";
				SWIFT_VERSION = 3.0;
				TEST_HOST = "$(BUILT_PRODUCTS_DIR)/photo-api-project.app/photo-api-project";
			};
			name = Release;
		};
		491249EE1DDE2E6300C834A6 /* Debug */ = {
			isa = XCBuildConfiguration;
			baseConfigurationReference = 0DB7CE5106EE0BBFC5C76C49 /* Pods-photo-api-projectUITests.debug.xcconfig */;
			buildSettings = {
				ALWAYS_EMBED_SWIFT_STANDARD_LIBRARIES = YES;
				DEVELOPMENT_TEAM = 9SVGXMGU4M;
				INFOPLIST_FILE = "photo-api-projectUITests/Info.plist";
				LD_RUNPATH_SEARCH_PATHS = "$(inherited) @executable_path/Frameworks @loader_path/Frameworks";
				PRODUCT_BUNDLE_IDENTIFIER = "com.andrew.cook.photo-api-projectUITests";
				PRODUCT_NAME = "$(TARGET_NAME)";
				SWIFT_VERSION = 3.0;
				TEST_TARGET_NAME = "photo-api-project";
			};
			name = Debug;
		};
		491249EF1DDE2E6300C834A6 /* Release */ = {
			isa = XCBuildConfiguration;
			baseConfigurationReference = 039A59A98B076A70A740B2B6 /* Pods-photo-api-projectUITests.release.xcconfig */;
			buildSettings = {
				ALWAYS_EMBED_SWIFT_STANDARD_LIBRARIES = YES;
				DEVELOPMENT_TEAM = 9SVGXMGU4M;
				INFOPLIST_FILE = "photo-api-projectUITests/Info.plist";
				LD_RUNPATH_SEARCH_PATHS = "$(inherited) @executable_path/Frameworks @loader_path/Frameworks";
				PRODUCT_BUNDLE_IDENTIFIER = "com.andrew.cook.photo-api-projectUITests";
				PRODUCT_NAME = "$(TARGET_NAME)";
				SWIFT_VERSION = 3.0;
				TEST_TARGET_NAME = "photo-api-project";
			};
			name = Release;
		};
/* End XCBuildConfiguration section */

/* Begin XCConfigurationList section */
		491249BA1DDE2E6200C834A6 /* Build configuration list for PBXProject "photo-api-project" */ = {
			isa = XCConfigurationList;
			buildConfigurations = (
				491249E51DDE2E6300C834A6 /* Debug */,
				491249E61DDE2E6300C834A6 /* Release */,
			);
			defaultConfigurationIsVisible = 0;
			defaultConfigurationName = Release;
		};
		491249E71DDE2E6300C834A6 /* Build configuration list for PBXNativeTarget "photo-api-project" */ = {
			isa = XCConfigurationList;
			buildConfigurations = (
				491249E81DDE2E6300C834A6 /* Debug */,
				491249E91DDE2E6300C834A6 /* Release */,
			);
			defaultConfigurationIsVisible = 0;
			defaultConfigurationName = Release;
		};
		491249EA1DDE2E6300C834A6 /* Build configuration list for PBXNativeTarget "photo-api-projectTests" */ = {
			isa = XCConfigurationList;
			buildConfigurations = (
				491249EB1DDE2E6300C834A6 /* Debug */,
				491249EC1DDE2E6300C834A6 /* Release */,
			);
			defaultConfigurationIsVisible = 0;
			defaultConfigurationName = Release;
		};
		491249ED1DDE2E6300C834A6 /* Build configuration list for PBXNativeTarget "photo-api-projectUITests" */ = {
			isa = XCConfigurationList;
			buildConfigurations = (
				491249EE1DDE2E6300C834A6 /* Debug */,
				491249EF1DDE2E6300C834A6 /* Release */,
			);
			defaultConfigurationIsVisible = 0;
			defaultConfigurationName = Release;
		};
/* End XCConfigurationList section */
	};
	rootObject = 491249B71DDE2E6200C834A6 /* Project object */;
}
